
Microsoft Visual Studio Solution File, Format Version 12.00
# Visual Studio Version 17
VisualStudioVersion = 17.4.33213.308
MinimumVisualStudioVersion = 10.0.40219.1
Project("{FAE04EC0-301F-11D3-BF4B-00C04F79EFBC}") = "ClientsAPI", "ClientsAPI\ClientsAPI.csproj", "{3BCF956F-CD85-49EF-93A7-5448A43926B8}"
EndProject
Global
	GlobalSection(SolutionConfigurationPlatforms) = preSolution
		Debug|Any CPU = Debug|Any CPU
		Release|Any CPU = Release|Any CPU
	EndGlobalSection
	GlobalSection(ProjectConfigurationPlatforms) = postSolution
		{3BCF956F-CD85-49EF-93A7-5448A43926B8}.Debug|Any CPU.ActiveCfg = Debug|Any CPU
		{3BCF956F-CD85-49EF-93A7-5448A43926B8}.Debug|Any CPU.Build.0 = Debug|Any CPU
		{3BCF956F-CD85-49EF-93A7-5448A43926B8}.Release|Any CPU.ActiveCfg = Release|Any CPU
		{3BCF956F-CD85-49EF-93A7-5448A43926B8}.Release|Any CPU.Build.0 = Release|Any CPU
	EndGlobalSection
	GlobalSection(SolutionProperties) = preSolution
		HideSolutionNode = FALSE
	EndGlobalSection
	GlobalSection(ExtensibilityGlobals) = postSolution
		SolutionGuid = {A643356F-07E0-44B3-9DD9-87CF5FA366C2}
	EndGlobalSection
EndGlobal
